// !$*UTF8*$!
{
	archiveVersion = 1;
	classes = {
	};
	objectVersion = 52;
	objects = {

/* Begin PBXBuildFile section */
		30482CE822BC1CE000D7850D /* BusTime WatchKit App.app in Embed Watch Content */ = {isa = PBXBuildFile; fileRef = 30482CE722BC1CE000D7850D /* BusTime WatchKit App.app */; settings = {ATTRIBUTES = (RemoveHeadersOnCopy, ); }; };
		30482CEE22BC1CE000D7850D /* Interface.storyboard in Resources */ = {isa = PBXBuildFile; fileRef = 30482CEC22BC1CE000D7850D /* Interface.storyboard */; };
		30482CF022BC1CE200D7850D /* Assets.xcassets in Resources */ = {isa = PBXBuildFile; fileRef = 30482CEF22BC1CE200D7850D /* Assets.xcassets */; };
		30482CF722BC1CE200D7850D /* BusTime WatchKit Extension.appex in Embed App Extensions */ = {isa = PBXBuildFile; fileRef = 30482CF622BC1CE200D7850D /* BusTime WatchKit Extension.appex */; settings = {ATTRIBUTES = (RemoveHeadersOnCopy, ); }; };
		30482CFE22BC1CE200D7850D /* HostingController.swift in Sources */ = {isa = PBXBuildFile; fileRef = 30482CFD22BC1CE200D7850D /* HostingController.swift */; };
		30482D0022BC1CE200D7850D /* ExtensionDelegate.swift in Sources */ = {isa = PBXBuildFile; fileRef = 30482CFF22BC1CE200D7850D /* ExtensionDelegate.swift */; };
		30482D0222BC1CE200D7850D /* NotificationController.swift in Sources */ = {isa = PBXBuildFile; fileRef = 30482D0122BC1CE200D7850D /* NotificationController.swift */; };
		30482D0422BC1CE200D7850D /* NotificationView.swift in Sources */ = {isa = PBXBuildFile; fileRef = 30482D0322BC1CE200D7850D /* NotificationView.swift */; };
		30482D0622BC1CE300D7850D /* Assets.xcassets in Resources */ = {isa = PBXBuildFile; fileRef = 30482D0522BC1CE300D7850D /* Assets.xcassets */; };
		30482D0922BC1CE300D7850D /* Preview Assets.xcassets in Resources */ = {isa = PBXBuildFile; fileRef = 30482D0822BC1CE300D7850D /* Preview Assets.xcassets */; };
		30482D1B22BC1EFE00D7850D /* BusStop.swift in Sources */ = {isa = PBXBuildFile; fileRef = 30482D1A22BC1EFE00D7850D /* BusStop.swift */; };
		30482D1D22BD216300D7850D /* StopsListView.swift in Sources */ = {isa = PBXBuildFile; fileRef = 30482D1C22BD216300D7850D /* StopsListView.swift */; };
		30482D2022BD26C500D7850D /* APIController.swift in Sources */ = {isa = PBXBuildFile; fileRef = 30482D1F22BD26C500D7850D /* APIController.swift */; };
		30482D2522BFB85A00D7850D /* User.swift in Sources */ = {isa = PBXBuildFile; fileRef = 30482D2422BFB85A00D7850D /* User.swift */; };
		30482D2722BFBE4200D7850D /* LocationController.swift in Sources */ = {isa = PBXBuildFile; fileRef = 30482D2622BFBE4200D7850D /* LocationController.swift */; };
		307F44D92325A4DD00BDC858 /* Departure.swift in Sources */ = {isa = PBXBuildFile; fileRef = 307F44D82325A4DD00BDC858 /* Departure.swift */; };
		3092F8EC230B2BBC009CE82B /* BusStopList.swift in Sources */ = {isa = PBXBuildFile; fileRef = 3092F8EB230B2BBC009CE82B /* BusStopList.swift */; };
		30C330D02306DD2700BCE0DF /* StopDetailView.swift in Sources */ = {isa = PBXBuildFile; fileRef = 30C330CF2306DD2700BCE0DF /* StopDetailView.swift */; };
		8B16119F2351E96A008156E0 /* Alamofire in Frameworks */ = {isa = PBXBuildFile; productRef = 8B16119E2351E96A008156E0 /* Alamofire */; };
		8BDFFF7F2346738500C77E59 /* DepartureList.swift in Sources */ = {isa = PBXBuildFile; fileRef = 8BDFFF7B2346738400C77E59 /* DepartureList.swift */; };
		8BDFFF802346738500C77E59 /* GraphQLQuery.swift in Sources */ = {isa = PBXBuildFile; fileRef = 8BDFFF7C2346738500C77E59 /* GraphQLQuery.swift */; };
		8BDFFF812346738500C77E59 /* GraphQLResponse.swift in Sources */ = {isa = PBXBuildFile; fileRef = 8BDFFF7D2346738500C77E59 /* GraphQLResponse.swift */; };
		8BDFFF822346738500C77E59 /* NearbyStopsResponse.swift in Sources */ = {isa = PBXBuildFile; fileRef = 8BDFFF7E2346738500C77E59 /* NearbyStopsResponse.swift */; };
/* End PBXBuildFile section */

/* Begin PBXContainerItemProxy section */
		30482CE922BC1CE000D7850D /* PBXContainerItemProxy */ = {
			isa = PBXContainerItemProxy;
			containerPortal = 30482CDD22BC1CE000D7850D /* Project object */;
			proxyType = 1;
			remoteGlobalIDString = 30482CE622BC1CE000D7850D;
			remoteInfo = "BusTime WatchKit App";
		};
		30482CF822BC1CE200D7850D /* PBXContainerItemProxy */ = {
			isa = PBXContainerItemProxy;
			containerPortal = 30482CDD22BC1CE000D7850D /* Project object */;
			proxyType = 1;
			remoteGlobalIDString = 30482CF522BC1CE200D7850D;
			remoteInfo = "BusTime WatchKit Extension";
		};
/* End PBXContainerItemProxy section */

/* Begin PBXCopyFilesBuildPhase section */
		30482D1122BC1CE300D7850D /* Embed App Extensions */ = {
			isa = PBXCopyFilesBuildPhase;
			buildActionMask = 2147483647;
			dstPath = "";
			dstSubfolderSpec = 13;
			files = (
				30482CF722BC1CE200D7850D /* BusTime WatchKit Extension.appex in Embed App Extensions */,
			);
			name = "Embed App Extensions";
			runOnlyForDeploymentPostprocessing = 0;
		};
		30482D1522BC1CE300D7850D /* Embed Watch Content */ = {
			isa = PBXCopyFilesBuildPhase;
			buildActionMask = 2147483647;
			dstPath = "$(CONTENTS_FOLDER_PATH)/Watch";
			dstSubfolderSpec = 16;
			files = (
				30482CE822BC1CE000D7850D /* BusTime WatchKit App.app in Embed Watch Content */,
			);
			name = "Embed Watch Content";
			runOnlyForDeploymentPostprocessing = 0;
		};
/* End PBXCopyFilesBuildPhase section */

/* Begin PBXFileReference section */
		30482CE322BC1CE000D7850D /* BusTime.app */ = {isa = PBXFileReference; explicitFileType = wrapper.application; includeInIndex = 0; path = BusTime.app; sourceTree = BUILT_PRODUCTS_DIR; };
		30482CE722BC1CE000D7850D /* BusTime WatchKit App.app */ = {isa = PBXFileReference; explicitFileType = wrapper.application; includeInIndex = 0; path = "BusTime WatchKit App.app"; sourceTree = BUILT_PRODUCTS_DIR; };
		30482CED22BC1CE000D7850D /* Base */ = {isa = PBXFileReference; lastKnownFileType = file.storyboard; name = Base; path = Base.lproj/Interface.storyboard; sourceTree = "<group>"; };
		30482CEF22BC1CE200D7850D /* Assets.xcassets */ = {isa = PBXFileReference; lastKnownFileType = folder.assetcatalog; path = Assets.xcassets; sourceTree = "<group>"; };
		30482CF122BC1CE200D7850D /* Info.plist */ = {isa = PBXFileReference; lastKnownFileType = text.plist.xml; path = Info.plist; sourceTree = "<group>"; };
		30482CF622BC1CE200D7850D /* BusTime WatchKit Extension.appex */ = {isa = PBXFileReference; explicitFileType = "wrapper.app-extension"; includeInIndex = 0; path = "BusTime WatchKit Extension.appex"; sourceTree = BUILT_PRODUCTS_DIR; };
		30482CFD22BC1CE200D7850D /* HostingController.swift */ = {isa = PBXFileReference; lastKnownFileType = sourcecode.swift; path = HostingController.swift; sourceTree = "<group>"; };
		30482CFF22BC1CE200D7850D /* ExtensionDelegate.swift */ = {isa = PBXFileReference; lastKnownFileType = sourcecode.swift; path = ExtensionDelegate.swift; sourceTree = "<group>"; };
		30482D0122BC1CE200D7850D /* NotificationController.swift */ = {isa = PBXFileReference; lastKnownFileType = sourcecode.swift; path = NotificationController.swift; sourceTree = "<group>"; };
		30482D0322BC1CE200D7850D /* NotificationView.swift */ = {isa = PBXFileReference; lastKnownFileType = sourcecode.swift; path = NotificationView.swift; sourceTree = "<group>"; };
		30482D0522BC1CE300D7850D /* Assets.xcassets */ = {isa = PBXFileReference; lastKnownFileType = folder.assetcatalog; path = Assets.xcassets; sourceTree = "<group>"; };
		30482D0822BC1CE300D7850D /* Preview Assets.xcassets */ = {isa = PBXFileReference; lastKnownFileType = folder.assetcatalog; path = "Preview Assets.xcassets"; sourceTree = "<group>"; };
		30482D0A22BC1CE300D7850D /* Info.plist */ = {isa = PBXFileReference; lastKnownFileType = text.plist.xml; path = Info.plist; sourceTree = "<group>"; };
		30482D0B22BC1CE300D7850D /* PushNotificationPayload.apns */ = {isa = PBXFileReference; lastKnownFileType = text; path = PushNotificationPayload.apns; sourceTree = "<group>"; };
		30482D1A22BC1EFE00D7850D /* BusStop.swift */ = {isa = PBXFileReference; lastKnownFileType = sourcecode.swift; path = BusStop.swift; sourceTree = "<group>"; };
		30482D1C22BD216300D7850D /* StopsListView.swift */ = {isa = PBXFileReference; lastKnownFileType = sourcecode.swift; path = StopsListView.swift; sourceTree = "<group>"; };
		30482D1F22BD26C500D7850D /* APIController.swift */ = {isa = PBXFileReference; lastKnownFileType = sourcecode.swift; path = APIController.swift; sourceTree = "<group>"; };
		30482D2422BFB85A00D7850D /* User.swift */ = {isa = PBXFileReference; lastKnownFileType = sourcecode.swift; path = User.swift; sourceTree = "<group>"; };
		30482D2622BFBE4200D7850D /* LocationController.swift */ = {isa = PBXFileReference; lastKnownFileType = sourcecode.swift; path = LocationController.swift; sourceTree = "<group>"; };
		307F44D82325A4DD00BDC858 /* Departure.swift */ = {isa = PBXFileReference; lastKnownFileType = sourcecode.swift; path = Departure.swift; sourceTree = "<group>"; };
		3092F8EB230B2BBC009CE82B /* BusStopList.swift */ = {isa = PBXFileReference; lastKnownFileType = sourcecode.swift; path = BusStopList.swift; sourceTree = "<group>"; };
		30C330CF2306DD2700BCE0DF /* StopDetailView.swift */ = {isa = PBXFileReference; lastKnownFileType = sourcecode.swift; path = StopDetailView.swift; sourceTree = "<group>"; };
		8BDFFF7B2346738400C77E59 /* DepartureList.swift */ = {isa = PBXFileReference; fileEncoding = 4; lastKnownFileType = sourcecode.swift; path = DepartureList.swift; sourceTree = "<group>"; };
		8BDFFF7C2346738500C77E59 /* GraphQLQuery.swift */ = {isa = PBXFileReference; fileEncoding = 4; lastKnownFileType = sourcecode.swift; path = GraphQLQuery.swift; sourceTree = "<group>"; };
		8BDFFF7D2346738500C77E59 /* GraphQLResponse.swift */ = {isa = PBXFileReference; fileEncoding = 4; lastKnownFileType = sourcecode.swift; path = GraphQLResponse.swift; sourceTree = "<group>"; };
		8BDFFF7E2346738500C77E59 /* NearbyStopsResponse.swift */ = {isa = PBXFileReference; fileEncoding = 4; lastKnownFileType = sourcecode.swift; path = NearbyStopsResponse.swift; sourceTree = "<group>"; };
/* End PBXFileReference section */

/* Begin PBXFrameworksBuildPhase section */
		179029BC487042CDE986C876 /* Frameworks */ = {
			isa = PBXFrameworksBuildPhase;
			buildActionMask = 2147483647;
			files = (
			);
			runOnlyForDeploymentPostprocessing = 0;
		};
		30482CF322BC1CE200D7850D /* Frameworks */ = {
			isa = PBXFrameworksBuildPhase;
			buildActionMask = 2147483647;
			files = (
				8B16119F2351E96A008156E0 /* Alamofire in Frameworks */,
			);
			runOnlyForDeploymentPostprocessing = 0;
		};
		8C2774FCAD9A9C291546E235 /* Frameworks */ = {
			isa = PBXFrameworksBuildPhase;
			buildActionMask = 2147483647;
			files = (
			);
			runOnlyForDeploymentPostprocessing = 0;
		};
/* End PBXFrameworksBuildPhase section */

/* Begin PBXGroup section */
		30482CDC22BC1CE000D7850D = {
			isa = PBXGroup;
			children = (
				30482CEB22BC1CE000D7850D /* BusTime WatchKit App */,
				30482CFA22BC1CE200D7850D /* BusTime WatchKit Extension */,
				30482CE422BC1CE000D7850D /* Products */,
				B538DE58A449D7DE85682FD3 /* Frameworks */,
			);
			sourceTree = "<group>";
		};
		30482CE422BC1CE000D7850D /* Products */ = {
			isa = PBXGroup;
			children = (
				30482CE322BC1CE000D7850D /* BusTime.app */,
				30482CE722BC1CE000D7850D /* BusTime WatchKit App.app */,
				30482CF622BC1CE200D7850D /* BusTime WatchKit Extension.appex */,
			);
			name = Products;
			sourceTree = "<group>";
		};
		30482CEB22BC1CE000D7850D /* BusTime WatchKit App */ = {
			isa = PBXGroup;
			children = (
				30482CEC22BC1CE000D7850D /* Interface.storyboard */,
				30482CEF22BC1CE200D7850D /* Assets.xcassets */,
				30482CF122BC1CE200D7850D /* Info.plist */,
			);
			path = "BusTime WatchKit App";
			sourceTree = "<group>";
		};
		30482CFA22BC1CE200D7850D /* BusTime WatchKit Extension */ = {
			isa = PBXGroup;
			children = (
				30482D1E22BD26B200D7850D /* Controllers */,
				30482D1922BC1ECE00D7850D /* Model */,
				30482CFD22BC1CE200D7850D /* HostingController.swift */,
				30482CFF22BC1CE200D7850D /* ExtensionDelegate.swift */,
				30482D0322BC1CE200D7850D /* NotificationView.swift */,
				30482D1C22BD216300D7850D /* StopsListView.swift */,
				30482D0522BC1CE300D7850D /* Assets.xcassets */,
				30482D0A22BC1CE300D7850D /* Info.plist */,
				30482D0B22BC1CE300D7850D /* PushNotificationPayload.apns */,
				30482D0722BC1CE300D7850D /* Preview Content */,
				30C330CF2306DD2700BCE0DF /* StopDetailView.swift */,
			);
			path = "BusTime WatchKit Extension";
			sourceTree = "<group>";
		};
		30482D0722BC1CE300D7850D /* Preview Content */ = {
			isa = PBXGroup;
			children = (
				30482D0822BC1CE300D7850D /* Preview Assets.xcassets */,
			);
			path = "Preview Content";
			sourceTree = "<group>";
		};
		30482D1922BC1ECE00D7850D /* Model */ = {
			isa = PBXGroup;
			children = (
				8BDFFF7B2346738400C77E59 /* DepartureList.swift */,
				8BDFFF7C2346738500C77E59 /* GraphQLQuery.swift */,
				8BDFFF7D2346738500C77E59 /* GraphQLResponse.swift */,
				8BDFFF7E2346738500C77E59 /* NearbyStopsResponse.swift */,
				30482D1A22BC1EFE00D7850D /* BusStop.swift */,
				30482D2422BFB85A00D7850D /* User.swift */,
				3092F8EB230B2BBC009CE82B /* BusStopList.swift */,
				307F44D82325A4DD00BDC858 /* Departure.swift */,
			);
			path = Model;
			sourceTree = "<group>";
		};
		30482D1E22BD26B200D7850D /* Controllers */ = {
			isa = PBXGroup;
			children = (
				30482D0122BC1CE200D7850D /* NotificationController.swift */,
				30482D1F22BD26C500D7850D /* APIController.swift */,
				30482D2622BFBE4200D7850D /* LocationController.swift */,
			);
			path = Controllers;
			sourceTree = "<group>";
		};
		B538DE58A449D7DE85682FD3 /* Frameworks */ = {
			isa = PBXGroup;
			children = (
			);
			name = Frameworks;
			sourceTree = "<group>";
		};
/* End PBXGroup section */

/* Begin PBXNativeTarget section */
		30482CE222BC1CE000D7850D /* BusTime */ = {
			isa = PBXNativeTarget;
			buildConfigurationList = 30482D1622BC1CE300D7850D /* Build configuration list for PBXNativeTarget "BusTime" */;
			buildPhases = (
				30482CE122BC1CE000D7850D /* Resources */,
				30482D1522BC1CE300D7850D /* Embed Watch Content */,
				8C2774FCAD9A9C291546E235 /* Frameworks */,
			);
			buildRules = (
			);
			dependencies = (
				30482CEA22BC1CE000D7850D /* PBXTargetDependency */,
			);
			name = BusTime;
			productName = BusTime;
			productReference = 30482CE322BC1CE000D7850D /* BusTime.app */;
			productType = "com.apple.product-type.application.watchapp2-container";
		};
		30482CE622BC1CE000D7850D /* BusTime WatchKit App */ = {
			isa = PBXNativeTarget;
			buildConfigurationList = 30482D1222BC1CE300D7850D /* Build configuration list for PBXNativeTarget "BusTime WatchKit App" */;
			buildPhases = (
				30482CE522BC1CE000D7850D /* Resources */,
				30482D1122BC1CE300D7850D /* Embed App Extensions */,
				179029BC487042CDE986C876 /* Frameworks */,
			);
			buildRules = (
			);
			dependencies = (
				30482CF922BC1CE200D7850D /* PBXTargetDependency */,
			);
			name = "BusTime WatchKit App";
			productName = "BusTime WatchKit App";
			productReference = 30482CE722BC1CE000D7850D /* BusTime WatchKit App.app */;
			productType = "com.apple.product-type.application.watchapp2";
		};
		30482CF522BC1CE200D7850D /* BusTime WatchKit Extension */ = {
			isa = PBXNativeTarget;
			buildConfigurationList = 30482D0E22BC1CE300D7850D /* Build configuration list for PBXNativeTarget "BusTime WatchKit Extension" */;
			buildPhases = (
				30482CF222BC1CE200D7850D /* Sources */,
				30482CF322BC1CE200D7850D /* Frameworks */,
				30482CF422BC1CE200D7850D /* Resources */,
			);
			buildRules = (
			);
			dependencies = (
			);
			name = "BusTime WatchKit Extension";
			packageProductDependencies = (
				8B16119E2351E96A008156E0 /* Alamofire */,
			);
			productName = "BusTime WatchKit Extension";
			productReference = 30482CF622BC1CE200D7850D /* BusTime WatchKit Extension.appex */;
			productType = "com.apple.product-type.watchkit2-extension";
		};
/* End PBXNativeTarget section */

/* Begin PBXProject section */
		30482CDD22BC1CE000D7850D /* Project object */ = {
			isa = PBXProject;
			attributes = {
				LastSwiftUpdateCheck = 1100;
				LastUpgradeCheck = 1100;
				ORGANIZATIONNAME = "Håkon Strandlie";
				TargetAttributes = {
					30482CE222BC1CE000D7850D = {
						CreatedOnToolsVersion = 11.0;
					};
					30482CE622BC1CE000D7850D = {
						CreatedOnToolsVersion = 11.0;
					};
					30482CF522BC1CE200D7850D = {
						CreatedOnToolsVersion = 11.0;
					};
				};
			};
			buildConfigurationList = 30482CE022BC1CE000D7850D /* Build configuration list for PBXProject "BusTime" */;
			compatibilityVersion = "Xcode 11.0";
			developmentRegion = en;
			hasScannedForEncodings = 0;
			knownRegions = (
				en,
				Base,
			);
			mainGroup = 30482CDC22BC1CE000D7850D;
			packageReferences = (
				8B16119D2351E96A008156E0 /* XCRemoteSwiftPackageReference "Alamofire" */,
			);
			productRefGroup = 30482CE422BC1CE000D7850D /* Products */;
			projectDirPath = "";
			projectRoot = "";
			targets = (
				30482CE222BC1CE000D7850D /* BusTime */,
				30482CE622BC1CE000D7850D /* BusTime WatchKit App */,
				30482CF522BC1CE200D7850D /* BusTime WatchKit Extension */,
			);
		};
/* End PBXProject section */

/* Begin PBXResourcesBuildPhase section */
		30482CE122BC1CE000D7850D /* Resources */ = {
			isa = PBXResourcesBuildPhase;
			buildActionMask = 2147483647;
			files = (
			);
			runOnlyForDeploymentPostprocessing = 0;
		};
		30482CE522BC1CE000D7850D /* Resources */ = {
			isa = PBXResourcesBuildPhase;
			buildActionMask = 2147483647;
			files = (
				30482CF022BC1CE200D7850D /* Assets.xcassets in Resources */,
				30482CEE22BC1CE000D7850D /* Interface.storyboard in Resources */,
			);
			runOnlyForDeploymentPostprocessing = 0;
		};
		30482CF422BC1CE200D7850D /* Resources */ = {
			isa = PBXResourcesBuildPhase;
			buildActionMask = 2147483647;
			files = (
				30482D0922BC1CE300D7850D /* Preview Assets.xcassets in Resources */,
				30482D0622BC1CE300D7850D /* Assets.xcassets in Resources */,
			);
			runOnlyForDeploymentPostprocessing = 0;
		};
/* End PBXResourcesBuildPhase section */

/* Begin PBXSourcesBuildPhase section */
		30482CF222BC1CE200D7850D /* Sources */ = {
			isa = PBXSourcesBuildPhase;
			buildActionMask = 2147483647;
			files = (
				30C330D02306DD2700BCE0DF /* StopDetailView.swift in Sources */,
				30482D2722BFBE4200D7850D /* LocationController.swift in Sources */,
				8BDFFF802346738500C77E59 /* GraphQLQuery.swift in Sources */,
				8BDFFF7F2346738500C77E59 /* DepartureList.swift in Sources */,
				30482D1B22BC1EFE00D7850D /* BusStop.swift in Sources */,
				30482CFE22BC1CE200D7850D /* HostingController.swift in Sources */,
				8BDFFF812346738500C77E59 /* GraphQLResponse.swift in Sources */,
				307F44D92325A4DD00BDC858 /* Departure.swift in Sources */,
				3092F8EC230B2BBC009CE82B /* BusStopList.swift in Sources */,
				30482D0222BC1CE200D7850D /* NotificationController.swift in Sources */,
				30482D2022BD26C500D7850D /* APIController.swift in Sources */,
				30482D0022BC1CE200D7850D /* ExtensionDelegate.swift in Sources */,
				30482D1D22BD216300D7850D /* StopsListView.swift in Sources */,
				8BDFFF822346738500C77E59 /* NearbyStopsResponse.swift in Sources */,
				30482D2522BFB85A00D7850D /* User.swift in Sources */,
				30482D0422BC1CE200D7850D /* NotificationView.swift in Sources */,
			);
			runOnlyForDeploymentPostprocessing = 0;
		};
/* End PBXSourcesBuildPhase section */

/* Begin PBXTargetDependency section */
		30482CEA22BC1CE000D7850D /* PBXTargetDependency */ = {
			isa = PBXTargetDependency;
			target = 30482CE622BC1CE000D7850D /* BusTime WatchKit App */;
			targetProxy = 30482CE922BC1CE000D7850D /* PBXContainerItemProxy */;
		};
		30482CF922BC1CE200D7850D /* PBXTargetDependency */ = {
			isa = PBXTargetDependency;
			target = 30482CF522BC1CE200D7850D /* BusTime WatchKit Extension */;
			targetProxy = 30482CF822BC1CE200D7850D /* PBXContainerItemProxy */;
		};
/* End PBXTargetDependency section */

/* Begin PBXVariantGroup section */
		30482CEC22BC1CE000D7850D /* Interface.storyboard */ = {
			isa = PBXVariantGroup;
			children = (
				30482CED22BC1CE000D7850D /* Base */,
			);
			name = Interface.storyboard;
			sourceTree = "<group>";
		};
/* End PBXVariantGroup section */

/* Begin XCBuildConfiguration section */
		30482D0C22BC1CE300D7850D /* Debug */ = {
			isa = XCBuildConfiguration;
			buildSettings = {
				ALWAYS_SEARCH_USER_PATHS = NO;
				CLANG_ANALYZER_NONNULL = YES;
				CLANG_ANALYZER_NUMBER_OBJECT_CONVERSION = YES_AGGRESSIVE;
				CLANG_CXX_LANGUAGE_STANDARD = "gnu++14";
				CLANG_CXX_LIBRARY = "libc++";
				CLANG_ENABLE_MODULES = YES;
				CLANG_ENABLE_OBJC_ARC = YES;
				CLANG_ENABLE_OBJC_WEAK = YES;
				CLANG_WARN_BLOCK_CAPTURE_AUTORELEASING = YES;
				CLANG_WARN_BOOL_CONVERSION = YES;
				CLANG_WARN_COMMA = YES;
				CLANG_WARN_CONSTANT_CONVERSION = YES;
				CLANG_WARN_DEPRECATED_OBJC_IMPLEMENTATIONS = YES;
				CLANG_WARN_DIRECT_OBJC_ISA_USAGE = YES_ERROR;
				CLANG_WARN_DOCUMENTATION_COMMENTS = YES;
				CLANG_WARN_EMPTY_BODY = YES;
				CLANG_WARN_ENUM_CONVERSION = YES;
				CLANG_WARN_INFINITE_RECURSION = YES;
				CLANG_WARN_INT_CONVERSION = YES;
				CLANG_WARN_NON_LITERAL_NULL_CONVERSION = YES;
				CLANG_WARN_OBJC_IMPLICIT_RETAIN_SELF = YES;
				CLANG_WARN_OBJC_LITERAL_CONVERSION = YES;
				CLANG_WARN_OBJC_ROOT_CLASS = YES_ERROR;
				CLANG_WARN_RANGE_LOOP_ANALYSIS = YES;
				CLANG_WARN_STRICT_PROTOTYPES = YES;
				CLANG_WARN_SUSPICIOUS_MOVE = YES;
				CLANG_WARN_UNGUARDED_AVAILABILITY = YES_AGGRESSIVE;
				CLANG_WARN_UNREACHABLE_CODE = YES;
				CLANG_WARN__DUPLICATE_METHOD_MATCH = YES;
				COPY_PHASE_STRIP = NO;
				DEBUG_INFORMATION_FORMAT = dwarf;
				ENABLE_STRICT_OBJC_MSGSEND = YES;
				ENABLE_TESTABILITY = YES;
				GCC_C_LANGUAGE_STANDARD = gnu11;
				GCC_DYNAMIC_NO_PIC = NO;
				GCC_NO_COMMON_BLOCKS = YES;
				GCC_OPTIMIZATION_LEVEL = 0;
				GCC_PREPROCESSOR_DEFINITIONS = (
					"DEBUG=1",
					"$(inherited)",
				);
				GCC_WARN_64_TO_32_BIT_CONVERSION = YES;
				GCC_WARN_ABOUT_RETURN_TYPE = YES_ERROR;
				GCC_WARN_UNDECLARED_SELECTOR = YES;
				GCC_WARN_UNINITIALIZED_AUTOS = YES_AGGRESSIVE;
				GCC_WARN_UNUSED_FUNCTION = YES;
				GCC_WARN_UNUSED_VARIABLE = YES;
				MTL_ENABLE_DEBUG_INFO = INCLUDE_SOURCE;
				MTL_FAST_MATH = YES;
				ONLY_ACTIVE_ARCH = YES;
				SDKROOT = iphoneos;
				SWIFT_ACTIVE_COMPILATION_CONDITIONS = DEBUG;
				SWIFT_OPTIMIZATION_LEVEL = "-Onone";
			};
			name = Debug;
		};
		30482D0D22BC1CE300D7850D /* Release */ = {
			isa = XCBuildConfiguration;
			buildSettings = {
				ALWAYS_SEARCH_USER_PATHS = NO;
				CLANG_ANALYZER_NONNULL = YES;
				CLANG_ANALYZER_NUMBER_OBJECT_CONVERSION = YES_AGGRESSIVE;
				CLANG_CXX_LANGUAGE_STANDARD = "gnu++14";
				CLANG_CXX_LIBRARY = "libc++";
				CLANG_ENABLE_MODULES = YES;
				CLANG_ENABLE_OBJC_ARC = YES;
				CLANG_ENABLE_OBJC_WEAK = YES;
				CLANG_WARN_BLOCK_CAPTURE_AUTORELEASING = YES;
				CLANG_WARN_BOOL_CONVERSION = YES;
				CLANG_WARN_COMMA = YES;
				CLANG_WARN_CONSTANT_CONVERSION = YES;
				CLANG_WARN_DEPRECATED_OBJC_IMPLEMENTATIONS = YES;
				CLANG_WARN_DIRECT_OBJC_ISA_USAGE = YES_ERROR;
				CLANG_WARN_DOCUMENTATION_COMMENTS = YES;
				CLANG_WARN_EMPTY_BODY = YES;
				CLANG_WARN_ENUM_CONVERSION = YES;
				CLANG_WARN_INFINITE_RECURSION = YES;
				CLANG_WARN_INT_CONVERSION = YES;
				CLANG_WARN_NON_LITERAL_NULL_CONVERSION = YES;
				CLANG_WARN_OBJC_IMPLICIT_RETAIN_SELF = YES;
				CLANG_WARN_OBJC_LITERAL_CONVERSION = YES;
				CLANG_WARN_OBJC_ROOT_CLASS = YES_ERROR;
				CLANG_WARN_RANGE_LOOP_ANALYSIS = YES;
				CLANG_WARN_STRICT_PROTOTYPES = YES;
				CLANG_WARN_SUSPICIOUS_MOVE = YES;
				CLANG_WARN_UNGUARDED_AVAILABILITY = YES_AGGRESSIVE;
				CLANG_WARN_UNREACHABLE_CODE = YES;
				CLANG_WARN__DUPLICATE_METHOD_MATCH = YES;
				COPY_PHASE_STRIP = NO;
				DEBUG_INFORMATION_FORMAT = "dwarf-with-dsym";
				ENABLE_NS_ASSERTIONS = NO;
				ENABLE_STRICT_OBJC_MSGSEND = YES;
				GCC_C_LANGUAGE_STANDARD = gnu11;
				GCC_NO_COMMON_BLOCKS = YES;
				GCC_WARN_64_TO_32_BIT_CONVERSION = YES;
				GCC_WARN_ABOUT_RETURN_TYPE = YES_ERROR;
				GCC_WARN_UNDECLARED_SELECTOR = YES;
				GCC_WARN_UNINITIALIZED_AUTOS = YES_AGGRESSIVE;
				GCC_WARN_UNUSED_FUNCTION = YES;
				GCC_WARN_UNUSED_VARIABLE = YES;
				MTL_ENABLE_DEBUG_INFO = NO;
				MTL_FAST_MATH = YES;
				SDKROOT = iphoneos;
				SWIFT_COMPILATION_MODE = wholemodule;
				SWIFT_OPTIMIZATION_LEVEL = "-O";
				VALIDATE_PRODUCT = YES;
			};
			name = Release;
		};
		30482D0F22BC1CE300D7850D /* Debug */ = {
			isa = XCBuildConfiguration;
			buildSettings = {
				ASSETCATALOG_COMPILER_COMPLICATION_NAME = Complication;
				CODE_SIGN_STYLE = Automatic;
				DEVELOPMENT_ASSET_PATHS = "\"BusTime WatchKit Extension\"/Preview\\ Content";
				DEVELOPMENT_TEAM = ZNYSJ75KPC;
				ENABLE_PREVIEWS = YES;
				INFOPLIST_FILE = "BusTime WatchKit Extension/Info.plist";
				LD_RUNPATH_SEARCH_PATHS = (
					"$(inherited)",
					"@executable_path/Frameworks",
					"@executable_path/../../Frameworks",
				);
				PRODUCT_BUNDLE_IDENTIFIER = com.Strandlie.BusTime.watchkitapp.watchkitextension;
				PRODUCT_NAME = "${TARGET_NAME}";
				SDKROOT = watchos;
				SKIP_INSTALL = YES;
				SWIFT_VERSION = 5.0;
				TARGETED_DEVICE_FAMILY = 4;
				WATCHOS_DEPLOYMENT_TARGET = 6.0;
			};
			name = Debug;
		};
		30482D1022BC1CE300D7850D /* Release */ = {
			isa = XCBuildConfiguration;
			buildSettings = {
				ASSETCATALOG_COMPILER_COMPLICATION_NAME = Complication;
				CODE_SIGN_STYLE = Automatic;
				DEVELOPMENT_ASSET_PATHS = "\"BusTime WatchKit Extension\"/Preview\\ Content";
				DEVELOPMENT_TEAM = ZNYSJ75KPC;
				ENABLE_PREVIEWS = YES;
				INFOPLIST_FILE = "BusTime WatchKit Extension/Info.plist";
				LD_RUNPATH_SEARCH_PATHS = (
					"$(inherited)",
					"@executable_path/Frameworks",
					"@executable_path/../../Frameworks",
				);
				PRODUCT_BUNDLE_IDENTIFIER = com.Strandlie.BusTime.watchkitapp.watchkitextension;
				PRODUCT_NAME = "${TARGET_NAME}";
				SDKROOT = watchos;
				SKIP_INSTALL = YES;
				SWIFT_VERSION = 5.0;
				TARGETED_DEVICE_FAMILY = 4;
				WATCHOS_DEPLOYMENT_TARGET = 6.0;
			};
			name = Release;
		};
		30482D1322BC1CE300D7850D /* Debug */ = {
			isa = XCBuildConfiguration;
			buildSettings = {
				ALWAYS_EMBED_SWIFT_STANDARD_LIBRARIES = YES;
				ASSETCATALOG_COMPILER_APPICON_NAME = AppIcon;
				CODE_SIGN_STYLE = Automatic;
				DEVELOPMENT_TEAM = ZNYSJ75KPC;
				IBSC_MODULE = BusTime_WatchKit_Extension;
				INFOPLIST_FILE = "BusTime WatchKit App/Info.plist";
				PRODUCT_BUNDLE_IDENTIFIER = com.Strandlie.BusTime.watchkitapp;
				PRODUCT_NAME = "$(TARGET_NAME)";
				SDKROOT = watchos;
				SKIP_INSTALL = YES;
				SWIFT_VERSION = 5.0;
				TARGETED_DEVICE_FAMILY = 4;
				WATCHOS_DEPLOYMENT_TARGET = 6.0;
			};
			name = Debug;
		};
		30482D1422BC1CE300D7850D /* Release */ = {
			isa = XCBuildConfiguration;
			buildSettings = {
				ALWAYS_EMBED_SWIFT_STANDARD_LIBRARIES = YES;
				ASSETCATALOG_COMPILER_APPICON_NAME = AppIcon;
				CODE_SIGN_STYLE = Automatic;
				DEVELOPMENT_TEAM = ZNYSJ75KPC;
				IBSC_MODULE = BusTime_WatchKit_Extension;
				INFOPLIST_FILE = "BusTime WatchKit App/Info.plist";
				PRODUCT_BUNDLE_IDENTIFIER = com.Strandlie.BusTime.watchkitapp;
				PRODUCT_NAME = "$(TARGET_NAME)";
				SDKROOT = watchos;
				SKIP_INSTALL = YES;
				SWIFT_VERSION = 5.0;
				TARGETED_DEVICE_FAMILY = 4;
				WATCHOS_DEPLOYMENT_TARGET = 6.0;
			};
			name = Release;
		};
		30482D1722BC1CE300D7850D /* Debug */ = {
			isa = XCBuildConfiguration;
			buildSettings = {
				CODE_SIGN_STYLE = Automatic;
				CURRENT_PROJECT_VERSION = 1;
				DEVELOPMENT_TEAM = ZNYSJ75KPC;
				MARKETING_VERSION = 1.0;
				PRODUCT_BUNDLE_IDENTIFIER = com.Strandlie.BusTime;
				PRODUCT_NAME = "$(TARGET_NAME)";
				SWIFT_VERSION = 5.0;
			};
			name = Debug;
		};
		30482D1822BC1CE300D7850D /* Release */ = {
			isa = XCBuildConfiguration;
			buildSettings = {
				CODE_SIGN_STYLE = Automatic;
				CURRENT_PROJECT_VERSION = 1;
				DEVELOPMENT_TEAM = ZNYSJ75KPC;
				MARKETING_VERSION = 1.0;
				PRODUCT_BUNDLE_IDENTIFIER = com.Strandlie.BusTime;
				PRODUCT_NAME = "$(TARGET_NAME)";
				SWIFT_VERSION = 5.0;
			};
			name = Release;
		};
/* End XCBuildConfiguration section */

/* Begin XCConfigurationList section */
		30482CE022BC1CE000D7850D /* Build configuration list for PBXProject "BusTime" */ = {
			isa = XCConfigurationList;
			buildConfigurations = (
				30482D0C22BC1CE300D7850D /* Debug */,
				30482D0D22BC1CE300D7850D /* Release */,
			);
			defaultConfigurationIsVisible = 0;
			defaultConfigurationName = Release;
		};
		30482D0E22BC1CE300D7850D /* Build configuration list for PBXNativeTarget "BusTime WatchKit Extension" */ = {
			isa = XCConfigurationList;
			buildConfigurations = (
				30482D0F22BC1CE300D7850D /* Debug */,
				30482D1022BC1CE300D7850D /* Release */,
			);
			defaultConfigurationIsVisible = 0;
			defaultConfigurationName = Release;
		};
		30482D1222BC1CE300D7850D /* Build configuration list for PBXNativeTarget "BusTime WatchKit App" */ = {
			isa = XCConfigurationList;
			buildConfigurations = (
				30482D1322BC1CE300D7850D /* Debug */,
				30482D1422BC1CE300D7850D /* Release */,
			);
			defaultConfigurationIsVisible = 0;
			defaultConfigurationName = Release;
		};
		30482D1622BC1CE300D7850D /* Build configuration list for PBXNativeTarget "BusTime" */ = {
			isa = XCConfigurationList;
			buildConfigurations = (
				30482D1722BC1CE300D7850D /* Debug */,
				30482D1822BC1CE300D7850D /* Release */,
			);
			defaultConfigurationIsVisible = 0;
			defaultConfigurationName = Release;
		};
/* End XCConfigurationList section */

/* Begin XCRemoteSwiftPackageReference section */
		8B16119D2351E96A008156E0 /* XCRemoteSwiftPackageReference "Alamofire" */ = {
			isa = XCRemoteSwiftPackageReference;
			repositoryURL = "https://github.com/Alamofire/Alamofire.git";
			requirement = {
				kind = exactVersion;
				version = "5.0.0-rc.2";
			};
		};
/* End XCRemoteSwiftPackageReference section */

/* Begin XCSwiftPackageProductDependency section */
		8B16119E2351E96A008156E0 /* Alamofire */ = {
			isa = XCSwiftPackageProductDependency;
			package = 8B16119D2351E96A008156E0 /* XCRemoteSwiftPackageReference "Alamofire" */;
			productName = Alamofire;
		};
/* End XCSwiftPackageProductDependency section */
	};
	rootObject = 30482CDD22BC1CE000D7850D /* Project object */;
}
